
Microsoft Visual Studio Solution File, Format Version 12.00
# Visual Studio Version 17
VisualStudioVersion = 17.8.34511.84
MinimumVisualStudioVersion = 10.0.40219.1
Project("{9A19103F-16F7-4668-BE54-9A1E7A4F7556}") = "Locus", "Locus\Locus.csproj", "{F523345F-9BBD-4BA6-B8BD-0B3E8CB083D1}"
EndProject
Project("{FAE04EC0-301F-11D3-BF4B-00C04F79EFBC}") = "Locus.Data", "Locus.Data\Locus.Data.csproj", "{982AA070-8926-433C-B921-DC01E03167E7}"
EndProject
Global
	GlobalSection(SolutionConfigurationPlatforms) = preSolution
		Debug|Any CPU = Debug|Any CPU
		Release|Any CPU = Release|Any CPU
	EndGlobalSection
	GlobalSection(ProjectConfigurationPlatforms) = postSolution
		{F523345F-9BBD-4BA6-B8BD-0B3E8CB083D1}.Debug|Any CPU.ActiveCfg = Debug|Any CPU
		{F523345F-9BBD-4BA6-B8BD-0B3E8CB083D1}.Debug|Any CPU.Build.0 = Debug|Any CPU
		{F523345F-9BBD-4BA6-B8BD-0B3E8CB083D1}.Debug|Any CPU.Deploy.0 = Debug|Any CPU
		{F523345F-9BBD-4BA6-B8BD-0B3E8CB083D1}.Release|Any CPU.ActiveCfg = Release|Any CPU
		{F523345F-9BBD-4BA6-B8BD-0B3E8CB083D1}.Release|Any CPU.Build.0 = Release|Any CPU
		{F523345F-9BBD-4BA6-B8BD-0B3E8CB083D1}.Release|Any CPU.Deploy.0 = Release|Any CPU
		{982AA070-8926-433C-B921-DC01E03167E7}.Debug|Any CPU.ActiveCfg = Debug|Any CPU
		{982AA070-8926-433C-B921-DC01E03167E7}.Debug|Any CPU.Build.0 = Debug|Any CPU
		{982AA070-8926-433C-B921-DC01E03167E7}.Release|Any CPU.ActiveCfg = Release|Any CPU
		{982AA070-8926-433C-B921-DC01E03167E7}.Release|Any CPU.Build.0 = Release|Any CPU
	EndGlobalSection
	GlobalSection(SolutionProperties) = preSolution
		HideSolutionNode = FALSE
	EndGlobalSection
	GlobalSection(ExtensibilityGlobals) = postSolution
		SolutionGuid = {43640C5F-85CE-4F3C-B440-C224AD0DD0DB}
	EndGlobalSection
EndGlobal
